<?xml version="1.0" encoding="utf-8"?>
<Project ToolsVersion="4.0" xmlns="http://schemas.microsoft.com/developer/msbuild/2003">
  <ItemGroup>
    <Filter Include="io">
      <UniqueIdentifier>{56143e13-4309-452c-995d-efb95e89ca52}</UniqueIdentifier>
    </Filter>
    <Filter Include="filter">
      <UniqueIdentifier>{b03e69d6-bc2a-4926-8f86-cf3c95d4c7fd}</UniqueIdentifier>
    </Filter>
    <Filter Include="octree">
      <UniqueIdentifier>{bcf54337-0951-4b36-868f-95e0aa58a9c0}</UniqueIdentifier>
    </Filter>
    <Filter Include="visualization">
      <UniqueIdentifier>{82cfb4ab-8010-404b-86f7-7e8535f2496b}</UniqueIdentifier>
    </Filter>
    <Filter Include="features">
      <UniqueIdentifier>{68af50d5-306a-4e67-a683-afc9dec685a4}</UniqueIdentifier>
    </Filter>
    <Filter Include="bcm">
      <UniqueIdentifier>{e624f4eb-beb5-4bbc-a94f-ec82c857fc83}</UniqueIdentifier>
    </Filter>
    <Filter Include="util">
      <UniqueIdentifier>{59f3a57f-47ab-4959-bc99-9642a11add36}</UniqueIdentifier>
    </Filter>
    <Filter Include="data">
      <UniqueIdentifier>{c0cb9180-03a5-40a0-9ea6-3a3ee0953ef0}</UniqueIdentifier>
    </Filter>
  </ItemGroup>
  <ItemGroup>
    <ClInclude Include="..\..\include\io\io.hpp">
      <Filter>io</Filter>
    </ClInclude>
    <ClInclude Include="..\..\include\filter\filters.hpp">
      <Filter>filter</Filter>
    </ClInclude>
    <ClInclude Include="..\..\include\octree\octree_viewer.hpp">
      <Filter>octree</Filter>
    </ClInclude>
    <ClInclude Include="..\..\include\visualization\display.hpp">
      <Filter>visualization</Filter>
    </ClInclude>
    <ClInclude Include="..\..\include\features\remove_NAN.hpp">
      <Filter>features</Filter>
    </ClInclude>
    <ClInclude Include="..\..\include\features\surface_normal.hpp">
      <Filter>features</Filter>
    </ClInclude>
    <ClInclude Include="..\..\include\octree\octree_gp.hpp">
      <Filter>octree</Filter>
    </ClInclude>
    <ClInclude Include="..\..\include\bcm\bcm.hpp">
      <Filter>bcm</Filter>
    </ClInclude>
    <ClInclude Include="..\..\include\util\utility.hpp">
      <Filter>util</Filter>
    </ClInclude>
    <ClInclude Include="..\..\include\data\test_data.hpp">
      <Filter>data</Filter>
    </ClInclude>
  </ItemGroup>
  <ItemGroup>
    <ClCompile Include="main.cpp" />
  </ItemGroup>
</Project>